
Microsoft Visual Studio Solution File, Format Version 12.00
# Visual Studio 15
VisualStudioVersion = 15.0.28010.2026
MinimumVisualStudioVersion = 10.0.40219.1
Project("{FAE04EC0-301F-11D3-BF4B-00C04F79EFBC}") = "App1.Android", "App1\App1.Android\App1.Android.csproj", "{C9914FAB-F5B2-4B72-AF1D-00256D07A8E8}"
EndProject
Project("{FAE04EC0-301F-11D3-BF4B-00C04F79EFBC}") = "App1.iOS", "App1\App1.iOS\App1.iOS.csproj", "{7488C012-D334-462F-9E81-FB289D237231}"
EndProject
Project("{FAE04EC0-301F-11D3-BF4B-00C04F79EFBC}") = "App1.UWP", "App1\App1.UWP\App1.UWP.csproj", "{EC94D0C1-3DC2-4E1A-967C-9D861E372EE9}"
EndProject
Project("{FAE04EC0-301F-11D3-BF4B-00C04F79EFBC}") = "App1", "App1\App1\App1.csproj", "{B645402F-33FF-48D6-AC03-4A3D22BB64FD}"
EndProject
Global
	GlobalSection(SolutionConfigurationPlatforms) = preSolution
		Ad-Hoc|Any CPU = Ad-Hoc|Any CPU
		Ad-Hoc|ARM = Ad-Hoc|ARM
		Ad-Hoc|iPhone = Ad-Hoc|iPhone
		Ad-Hoc|iPhoneSimulator = Ad-Hoc|iPhoneSimulator
		Ad-Hoc|x64 = Ad-Hoc|x64
		Ad-Hoc|x86 = Ad-Hoc|x86
		AppStore|Any CPU = AppStore|Any CPU
		AppStore|ARM = AppStore|ARM
		AppStore|iPhone = AppStore|iPhone
		AppStore|iPhoneSimulator = AppStore|iPhoneSimulator
		AppStore|x64 = AppStore|x64
		AppStore|x86 = AppStore|x86
		Debug|Any CPU = Debug|Any CPU
		Debug|ARM = Debug|ARM
		Debug|iPhone = Debug|iPhone
		Debug|iPhoneSimulator = Debug|iPhoneSimulator
		Debug|x64 = Debug|x64
		Debug|x86 = Debug|x86
		Release|Any CPU = Release|Any CPU
		Release|ARM = Release|ARM
		Release|iPhone = Release|iPhone
		Release|iPhoneSimulator = Release|iPhoneSimulator
		Release|x64 = Release|x64
		Release|x86 = Release|x86
	EndGlobalSection
	GlobalSection(ProjectConfigurationPlatforms) = postSolution
		{C9914FAB-F5B2-4B72-AF1D-00256D07A8E8}.Ad-Hoc|Any CPU.ActiveCfg = Release|Any CPU
		{C9914FAB-F5B2-4B72-AF1D-00256D07A8E8}.Ad-Hoc|Any CPU.Build.0 = Release|Any CPU
		{C9914FAB-F5B2-4B72-AF1D-00256D07A8E8}.Ad-Hoc|Any CPU.Deploy.0 = Release|Any CPU
		{C9914FAB-F5B2-4B72-AF1D-00256D07A8E8}.Ad-Hoc|ARM.ActiveCfg = Release|Any CPU
		{C9914FAB-F5B2-4B72-AF1D-00256D07A8E8}.Ad-Hoc|ARM.Build.0 = Release|Any CPU
		{C9914FAB-F5B2-4B72-AF1D-00256D07A8E8}.Ad-Hoc|ARM.Deploy.0 = Release|Any CPU
		{C9914FAB-F5B2-4B72-AF1D-00256D07A8E8}.Ad-Hoc|iPhone.ActiveCfg = Release|Any CPU
		{C9914FAB-F5B2-4B72-AF1D-00256D07A8E8}.Ad-Hoc|iPhone.Build.0 = Release|Any CPU
		{C9914FAB-F5B2-4B72-AF1D-00256D07A8E8}.Ad-Hoc|iPhone.Deploy.0 = Release|Any CPU
		{C9914FAB-F5B2-4B72-AF1D-00256D07A8E8}.Ad-Hoc|iPhoneSimulator.ActiveCfg = Release|Any CPU
		{C9914FAB-F5B2-4B72-AF1D-00256D07A8E8}.Ad-Hoc|iPhoneSimulator.Build.0 = Release|Any CPU
		{C9914FAB-F5B2-4B72-AF1D-00256D07A8E8}.Ad-Hoc|iPhoneSimulator.Deploy.0 = Release|Any CPU
		{C9914FAB-F5B2-4B72-AF1D-00256D07A8E8}.Ad-Hoc|x64.ActiveCfg = Release|Any CPU
		{C9914FAB-F5B2-4B72-AF1D-00256D07A8E8}.Ad-Hoc|x64.Build.0 = Release|Any CPU
		{C9914FAB-F5B2-4B72-AF1D-00256D07A8E8}.Ad-Hoc|x64.Deploy.0 = Release|Any CPU
		{C9914FAB-F5B2-4B72-AF1D-00256D07A8E8}.Ad-Hoc|x86.ActiveCfg = Release|Any CPU
		{C9914FAB-F5B2-4B72-AF1D-00256D07A8E8}.Ad-Hoc|x86.Build.0 = Release|Any CPU
		{C9914FAB-F5B2-4B72-AF1D-00256D07A8E8}.Ad-Hoc|x86.Deploy.0 = Release|Any CPU
		{C9914FAB-F5B2-4B72-AF1D-00256D07A8E8}.AppStore|Any CPU.ActiveCfg = Release|Any CPU
		{C9914FAB-F5B2-4B72-AF1D-00256D07A8E8}.AppStore|Any CPU.Build.0 = Release|Any CPU
		{C9914FAB-F5B2-4B72-AF1D-00256D07A8E8}.AppStore|Any CPU.Deploy.0 = Release|Any CPU
		{C9914FAB-F5B2-4B72-AF1D-00256D07A8E8}.AppStore|ARM.ActiveCfg = Release|Any CPU
		{C9914FAB-F5B2-4B72-AF1D-00256D07A8E8}.AppStore|ARM.Build.0 = Release|Any CPU
		{C9914FAB-F5B2-4B72-AF1D-00256D07A8E8}.AppStore|ARM.Deploy.0 = Release|Any CPU
		{C9914FAB-F5B2-4B72-AF1D-00256D07A8E8}.AppStore|iPhone.ActiveCfg = Release|Any CPU
		{C9914FAB-F5B2-4B72-AF1D-00256D07A8E8}.AppStore|iPhone.Build.0 = Release|Any CPU
		{C9914FAB-F5B2-4B72-AF1D-00256D07A8E8}.AppStore|iPhone.Deploy.0 = Release|Any CPU
		{C9914FAB-F5B2-4B72-AF1D-00256D07A8E8}.AppStore|iPhoneSimulator.ActiveCfg = Release|Any CPU
		{C9914FAB-F5B2-4B72-AF1D-00256D07A8E8}.AppStore|iPhoneSimulator.Build.0 = Release|Any CPU
		{C9914FAB-F5B2-4B72-AF1D-00256D07A8E8}.AppStore|iPhoneSimulator.Deploy.0 = Release|Any CPU
		{C9914FAB-F5B2-4B72-AF1D-00256D07A8E8}.AppStore|x64.ActiveCfg = Release|Any CPU
		{C9914FAB-F5B2-4B72-AF1D-00256D07A8E8}.AppStore|x64.Build.0 = Release|Any CPU
		{C9914FAB-F5B2-4B72-AF1D-00256D07A8E8}.AppStore|x64.Deploy.0 = Release|Any CPU
		{C9914FAB-F5B2-4B72-AF1D-00256D07A8E8}.AppStore|x86.ActiveCfg = Release|Any CPU
		{C9914FAB-F5B2-4B72-AF1D-00256D07A8E8}.AppStore|x86.Build.0 = Release|Any CPU
		{C9914FAB-F5B2-4B72-AF1D-00256D07A8E8}.AppStore|x86.Deploy.0 = Release|Any CPU
		{C9914FAB-F5B2-4B72-AF1D-00256D07A8E8}.Debug|Any CPU.ActiveCfg = Debug|Any CPU
		{C9914FAB-F5B2-4B72-AF1D-00256D07A8E8}.Debug|Any CPU.Build.0 = Debug|Any CPU
		{C9914FAB-F5B2-4B72-AF1D-00256D07A8E8}.Debug|Any CPU.Deploy.0 = Debug|Any CPU
		{C9914FAB-F5B2-4B72-AF1D-00256D07A8E8}.Debug|ARM.ActiveCfg = Debug|Any CPU
		{C9914FAB-F5B2-4B72-AF1D-00256D07A8E8}.Debug|ARM.Build.0 = Debug|Any CPU
		{C9914FAB-F5B2-4B72-AF1D-00256D07A8E8}.Debug|ARM.Deploy.0 = Debug|Any CPU
		{C9914FAB-F5B2-4B72-AF1D-00256D07A8E8}.Debug|iPhone.ActiveCfg = Debug|Any CPU
		{C9914FAB-F5B2-4B72-AF1D-00256D07A8E8}.Debug|iPhone.Build.0 = Debug|Any CPU
		{C9914FAB-F5B2-4B72-AF1D-00256D07A8E8}.Debug|iPhone.Deploy.0 = Debug|Any CPU
		{C9914FAB-F5B2-4B72-AF1D-00256D07A8E8}.Debug|iPhoneSimulator.ActiveCfg = Debug|Any CPU
		{C9914FAB-F5B2-4B72-AF1D-00256D07A8E8}.Debug|iPhoneSimulator.Build.0 = Debug|Any CPU
		{C9914FAB-F5B2-4B72-AF1D-00256D07A8E8}.Debug|iPhoneSimulator.Deploy.0 = Debug|Any CPU
		{C9914FAB-F5B2-4B72-AF1D-00256D07A8E8}.Debug|x64.ActiveCfg = Debug|Any CPU
		{C9914FAB-F5B2-4B72-AF1D-00256D07A8E8}.Debug|x64.Build.0 = Debug|Any CPU
		{C9914FAB-F5B2-4B72-AF1D-00256D07A8E8}.Debug|x64.Deploy.0 = Debug|Any CPU
		{C9914FAB-F5B2-4B72-AF1D-00256D07A8E8}.Debug|x86.ActiveCfg = Debug|Any CPU
		{C9914FAB-F5B2-4B72-AF1D-00256D07A8E8}.Debug|x86.Build.0 = Debug|Any CPU
		{C9914FAB-F5B2-4B72-AF1D-00256D07A8E8}.Debug|x86.Deploy.0 = Debug|Any CPU
		{C9914FAB-F5B2-4B72-AF1D-00256D07A8E8}.Release|Any CPU.ActiveCfg = Release|Any CPU
		{C9914FAB-F5B2-4B72-AF1D-00256D07A8E8}.Release|Any CPU.Build.0 = Release|Any CPU
		{C9914FAB-F5B2-4B72-AF1D-00256D07A8E8}.Release|Any CPU.Deploy.0 = Release|Any CPU
		{C9914FAB-F5B2-4B72-AF1D-00256D07A8E8}.Release|ARM.ActiveCfg = Release|Any CPU
		{C9914FAB-F5B2-4B72-AF1D-00256D07A8E8}.Release|ARM.Build.0 = Release|Any CPU
		{C9914FAB-F5B2-4B72-AF1D-00256D07A8E8}.Release|ARM.Deploy.0 = Release|Any CPU
		{C9914FAB-F5B2-4B72-AF1D-00256D07A8E8}.Release|iPhone.ActiveCfg = Release|Any CPU
		{C9914FAB-F5B2-4B72-AF1D-00256D07A8E8}.Release|iPhone.Build.0 = Release|Any CPU
		{C9914FAB-F5B2-4B72-AF1D-00256D07A8E8}.Release|iPhone.Deploy.0 = Release|Any CPU
		{C9914FAB-F5B2-4B72-AF1D-00256D07A8E8}.Release|iPhoneSimulator.ActiveCfg = Release|Any CPU
		{C9914FAB-F5B2-4B72-AF1D-00256D07A8E8}.Release|iPhoneSimulator.Build.0 = Release|Any CPU
		{C9914FAB-F5B2-4B72-AF1D-00256D07A8E8}.Release|iPhoneSimulator.Deploy.0 = Release|Any CPU
		{C9914FAB-F5B2-4B72-AF1D-00256D07A8E8}.Release|x64.ActiveCfg = Release|Any CPU
		{C9914FAB-F5B2-4B72-AF1D-00256D07A8E8}.Release|x64.Build.0 = Release|Any CPU
		{C9914FAB-F5B2-4B72-AF1D-00256D07A8E8}.Release|x64.Deploy.0 = Release|Any CPU
		{C9914FAB-F5B2-4B72-AF1D-00256D07A8E8}.Release|x86.ActiveCfg = Release|Any CPU
		{C9914FAB-F5B2-4B72-AF1D-00256D07A8E8}.Release|x86.Build.0 = Release|Any CPU
		{C9914FAB-F5B2-4B72-AF1D-00256D07A8E8}.Release|x86.Deploy.0 = Release|Any CPU
		{7488C012-D334-462F-9E81-FB289D237231}.Ad-Hoc|Any CPU.ActiveCfg = Ad-Hoc|iPhone
		{7488C012-D334-462F-9E81-FB289D237231}.Ad-Hoc|Any CPU.Build.0 = Ad-Hoc|iPhone
		{7488C012-D334-462F-9E81-FB289D237231}.Ad-Hoc|Any CPU.Deploy.0 = Ad-Hoc|iPhone
		{7488C012-D334-462F-9E81-FB289D237231}.Ad-Hoc|ARM.ActiveCfg = Ad-Hoc|iPhone
		{7488C012-D334-462F-9E81-FB289D237231}.Ad-Hoc|ARM.Build.0 = Ad-Hoc|iPhone
		{7488C012-D334-462F-9E81-FB289D237231}.Ad-Hoc|ARM.Deploy.0 = Ad-Hoc|iPhone
		{7488C012-D334-462F-9E81-FB289D237231}.Ad-Hoc|iPhone.ActiveCfg = Ad-Hoc|iPhone
		{7488C012-D334-462F-9E81-FB289D237231}.Ad-Hoc|iPhone.Build.0 = Ad-Hoc|iPhone
		{7488C012-D334-462F-9E81-FB289D237231}.Ad-Hoc|iPhone.Deploy.0 = Ad-Hoc|iPhone
		{7488C012-D334-462F-9E81-FB289D237231}.Ad-Hoc|iPhoneSimulator.ActiveCfg = Ad-Hoc|iPhoneSimulator
		{7488C012-D334-462F-9E81-FB289D237231}.Ad-Hoc|iPhoneSimulator.Build.0 = Ad-Hoc|iPhoneSimulator
		{7488C012-D334-462F-9E81-FB289D237231}.Ad-Hoc|iPhoneSimulator.Deploy.0 = Ad-Hoc|iPhoneSimulator
		{7488C012-D334-462F-9E81-FB289D237231}.Ad-Hoc|x64.ActiveCfg = Ad-Hoc|iPhone
		{7488C012-D334-462F-9E81-FB289D237231}.Ad-Hoc|x64.Build.0 = Ad-Hoc|iPhone
		{7488C012-D334-462F-9E81-FB289D237231}.Ad-Hoc|x64.Deploy.0 = Ad-Hoc|iPhone
		{7488C012-D334-462F-9E81-FB289D237231}.Ad-Hoc|x86.ActiveCfg = Ad-Hoc|iPhone
		{7488C012-D334-462F-9E81-FB289D237231}.Ad-Hoc|x86.Build.0 = Ad-Hoc|iPhone
		{7488C012-D334-462F-9E81-FB289D237231}.Ad-Hoc|x86.Deploy.0 = Ad-Hoc|iPhone
		{7488C012-D334-462F-9E81-FB289D237231}.AppStore|Any CPU.ActiveCfg = AppStore|iPhone
		{7488C012-D334-462F-9E81-FB289D237231}.AppStore|Any CPU.Build.0 = AppStore|iPhone
		{7488C012-D334-462F-9E81-FB289D237231}.AppStore|Any CPU.Deploy.0 = AppStore|iPhone
		{7488C012-D334-462F-9E81-FB289D237231}.AppStore|ARM.ActiveCfg = AppStore|iPhone
		{7488C012-D334-462F-9E81-FB289D237231}.AppStore|ARM.Build.0 = AppStore|iPhone
		{7488C012-D334-462F-9E81-FB289D237231}.AppStore|ARM.Deploy.0 = AppStore|iPhone
		{7488C012-D334-462F-9E81-FB289D237231}.AppStore|iPhone.ActiveCfg = AppStore|iPhone
		{7488C012-D334-462F-9E81-FB289D237231}.AppStore|iPhone.Build.0 = AppStore|iPhone
		{7488C012-D334-462F-9E81-FB289D237231}.AppStore|iPhone.Deploy.0 = AppStore|iPhone
		{7488C012-D334-462F-9E81-FB289D237231}.AppStore|iPhoneSimulator.ActiveCfg = AppStore|iPhoneSimulator
		{7488C012-D334-462F-9E81-FB289D237231}.AppStore|iPhoneSimulator.Build.0 = AppStore|iPhoneSimulator
		{7488C012-D334-462F-9E81-FB289D237231}.AppStore|iPhoneSimulator.Deploy.0 = AppStore|iPhoneSimulator
		{7488C012-D334-462F-9E81-FB289D237231}.AppStore|x64.ActiveCfg = AppStore|iPhone
		{7488C012-D334-462F-9E81-FB289D237231}.AppStore|x64.Build.0 = AppStore|iPhone
		{7488C012-D334-462F-9E81-FB289D237231}.AppStore|x64.Deploy.0 = AppStore|iPhone
		{7488C012-D334-462F-9E81-FB289D237231}.AppStore|x86.ActiveCfg = AppStore|iPhone
		{7488C012-D334-462F-9E81-FB289D237231}.AppStore|x86.Build.0 = AppStore|iPhone
		{7488C012-D334-462F-9E81-FB289D237231}.AppStore|x86.Deploy.0 = AppStore|iPhone
		{7488C012-D334-462F-9E81-FB289D237231}.Debug|Any CPU.ActiveCfg = Debug|iPhoneSimulator
		{7488C012-D334-462F-9E81-FB289D237231}.Debug|Any CPU.Build.0 = Debug|iPhoneSimulator
		{7488C012-D334-462F-9E81-FB289D237231}.Debug|Any CPU.Deploy.0 = Debug|iPhoneSimulator
		{7488C012-D334-462F-9E81-FB289D237231}.Debug|ARM.ActiveCfg = Debug|iPhone
		{7488C012-D334-462F-9E81-FB289D237231}.Debug|ARM.Build.0 = Debug|iPhone
		{7488C012-D334-462F-9E81-FB289D237231}.Debug|ARM.Deploy.0 = Debug|iPhone
		{7488C012-D334-462F-9E81-FB289D237231}.Debug|iPhone.ActiveCfg = Debug|iPhone
		{7488C012-D334-462F-9E81-FB289D237231}.Debug|iPhone.Build.0 = Debug|iPhone
		{7488C012-D334-462F-9E81-FB289D237231}.Debug|iPhone.Deploy.0 = Debug|iPhone
		{7488C012-D334-462F-9E81-FB289D237231}.Debug|iPhoneSimulator.ActiveCfg = Debug|iPhoneSimulator
		{7488C012-D334-462F-9E81-FB289D237231}.Debug|iPhoneSimulator.Build.0 = Debug|iPhoneSimulator
		{7488C012-D334-462F-9E81-FB289D237231}.Debug|iPhoneSimulator.Deploy.0 = Debug|iPhoneSimulator
		{7488C012-D334-462F-9E81-FB289D237231}.Debug|x64.ActiveCfg = Debug|iPhone
		{7488C012-D334-462F-9E81-FB289D237231}.Debug|x64.Build.0 = Debug|iPhone
		{7488C012-D334-462F-9E81-FB289D237231}.Debug|x64.Deploy.0 = Debug|iPhone
		{7488C012-D334-462F-9E81-FB289D237231}.Debug|x86.ActiveCfg = Debug|iPhone
		{7488C012-D334-462F-9E81-FB289D237231}.Debug|x86.Build.0 = Debug|iPhone
		{7488C012-D334-462F-9E81-FB289D237231}.Debug|x86.Deploy.0 = Debug|iPhone
		{7488C012-D334-462F-9E81-FB289D237231}.Release|Any CPU.ActiveCfg = Release|iPhone
		{7488C012-D334-462F-9E81-FB289D237231}.Release|Any CPU.Build.0 = Release|iPhone
		{7488C012-D334-462F-9E81-FB289D237231}.Release|Any CPU.Deploy.0 = Release|iPhone
		{7488C012-D334-462F-9E81-FB289D237231}.Release|ARM.ActiveCfg = Release|iPhone
		{7488C012-D334-462F-9E81-FB289D237231}.Release|ARM.Build.0 = Release|iPhone
		{7488C012-D334-462F-9E81-FB289D237231}.Release|ARM.Deploy.0 = Release|iPhone
		{7488C012-D334-462F-9E81-FB289D237231}.Release|iPhone.ActiveCfg = Release|iPhone
		{7488C012-D334-462F-9E81-FB289D237231}.Release|iPhone.Build.0 = Release|iPhone
		{7488C012-D334-462F-9E81-FB289D237231}.Release|iPhone.Deploy.0 = Release|iPhone
		{7488C012-D334-462F-9E81-FB289D237231}.Release|iPhoneSimulator.ActiveCfg = Release|iPhoneSimulator
		{7488C012-D334-462F-9E81-FB289D237231}.Release|iPhoneSimulator.Build.0 = Release|iPhoneSimulator
		{7488C012-D334-462F-9E81-FB289D237231}.Release|iPhoneSimulator.Deploy.0 = Release|iPhoneSimulator
		{7488C012-D334-462F-9E81-FB289D237231}.Release|x64.ActiveCfg = Release|iPhone
		{7488C012-D334-462F-9E81-FB289D237231}.Release|x64.Build.0 = Release|iPhone
		{7488C012-D334-462F-9E81-FB289D237231}.Release|x64.Deploy.0 = Release|iPhone
		{7488C012-D334-462F-9E81-FB289D237231}.Release|x86.ActiveCfg = Release|iPhone
		{7488C012-D334-462F-9E81-FB289D237231}.Release|x86.Build.0 = Release|iPhone
		{7488C012-D334-462F-9E81-FB289D237231}.Release|x86.Deploy.0 = Release|iPhone
		{EC94D0C1-3DC2-4E1A-967C-9D861E372EE9}.Ad-Hoc|Any CPU.ActiveCfg = Release|x86
		{EC94D0C1-3DC2-4E1A-967C-9D861E372EE9}.Ad-Hoc|Any CPU.Build.0 = Release|x86
		{EC94D0C1-3DC2-4E1A-967C-9D861E372EE9}.Ad-Hoc|Any CPU.Deploy.0 = Release|x86
		{EC94D0C1-3DC2-4E1A-967C-9D861E372EE9}.Ad-Hoc|ARM.ActiveCfg = Release|ARM
		{EC94D0C1-3DC2-4E1A-967C-9D861E372EE9}.Ad-Hoc|ARM.Build.0 = Release|ARM
		{EC94D0C1-3DC2-4E1A-967C-9D861E372EE9}.Ad-Hoc|ARM.Deploy.0 = Release|ARM
		{EC94D0C1-3DC2-4E1A-967C-9D861E372EE9}.Ad-Hoc|iPhone.ActiveCfg = Release|x86
		{EC94D0C1-3DC2-4E1A-967C-9D861E372EE9}.Ad-Hoc|iPhone.Build.0 = Release|x86
		{EC94D0C1-3DC2-4E1A-967C-9D861E372EE9}.Ad-Hoc|iPhone.Deploy.0 = Release|x86
		{EC94D0C1-3DC2-4E1A-967C-9D861E372EE9}.Ad-Hoc|iPhoneSimulator.ActiveCfg = Release|x86
		{EC94D0C1-3DC2-4E1A-967C-9D861E372EE9}.Ad-Hoc|iPhoneSimulator.Build.0 = Release|x86
		{EC94D0C1-3DC2-4E1A-967C-9D861E372EE9}.Ad-Hoc|iPhoneSimulator.Deploy.0 = Release|x86
		{EC94D0C1-3DC2-4E1A-967C-9D861E372EE9}.Ad-Hoc|x64.ActiveCfg = Release|x64
		{EC94D0C1-3DC2-4E1A-967C-9D861E372EE9}.Ad-Hoc|x64.Build.0 = Release|x64
		{EC94D0C1-3DC2-4E1A-967C-9D861E372EE9}.Ad-Hoc|x64.Deploy.0 = Release|x64
		{EC94D0C1-3DC2-4E1A-967C-9D861E372EE9}.Ad-Hoc|x86.ActiveCfg = Release|x86
		{EC94D0C1-3DC2-4E1A-967C-9D861E372EE9}.Ad-Hoc|x86.Build.0 = Release|x86
		{EC94D0C1-3DC2-4E1A-967C-9D861E372EE9}.Ad-Hoc|x86.Deploy.0 = Release|x86
		{EC94D0C1-3DC2-4E1A-967C-9D861E372EE9}.AppStore|Any CPU.ActiveCfg = Release|x86
		{EC94D0C1-3DC2-4E1A-967C-9D861E372EE9}.AppStore|Any CPU.Build.0 = Release|x86
		{EC94D0C1-3DC2-4E1A-967C-9D861E372EE9}.AppStore|Any CPU.Deploy.0 = Release|x86
		{EC94D0C1-3DC2-4E1A-967C-9D861E372EE9}.AppStore|ARM.ActiveCfg = Release|ARM
		{EC94D0C1-3DC2-4E1A-967C-9D861E372EE9}.AppStore|ARM.Build.0 = Release|ARM
		{EC94D0C1-3DC2-4E1A-967C-9D861E372EE9}.AppStore|ARM.Deploy.0 = Release|ARM
		{EC94D0C1-3DC2-4E1A-967C-9D861E372EE9}.AppStore|iPhone.ActiveCfg = Release|x86
		{EC94D0C1-3DC2-4E1A-967C-9D861E372EE9}.AppStore|iPhone.Build.0 = Release|x86
		{EC94D0C1-3DC2-4E1A-967C-9D861E372EE9}.AppStore|iPhone.Deploy.0 = Release|x86
		{EC94D0C1-3DC2-4E1A-967C-9D861E372EE9}.AppStore|iPhoneSimulator.ActiveCfg = Release|x86
		{EC94D0C1-3DC2-4E1A-967C-9D861E372EE9}.AppStore|iPhoneSimulator.Build.0 = Release|x86
		{EC94D0C1-3DC2-4E1A-967C-9D861E372EE9}.AppStore|iPhoneSimulator.Deploy.0 = Release|x86
		{EC94D0C1-3DC2-4E1A-967C-9D861E372EE9}.AppStore|x64.ActiveCfg = Release|x64
		{EC94D0C1-3DC2-4E1A-967C-9D861E372EE9}.AppStore|x64.Build.0 = Release|x64
		{EC94D0C1-3DC2-4E1A-967C-9D861E372EE9}.AppStore|x64.Deploy.0 = Release|x64
		{EC94D0C1-3DC2-4E1A-967C-9D861E372EE9}.AppStore|x86.ActiveCfg = Release|x86
		{EC94D0C1-3DC2-4E1A-967C-9D861E372EE9}.AppStore|x86.Build.0 = Release|x86
		{EC94D0C1-3DC2-4E1A-967C-9D861E372EE9}.AppStore|x86.Deploy.0 = Release|x86
		{EC94D0C1-3DC2-4E1A-967C-9D861E372EE9}.Debug|Any CPU.ActiveCfg = Debug|x86
		{EC94D0C1-3DC2-4E1A-967C-9D861E372EE9}.Debug|Any CPU.Build.0 = Debug|x86
		{EC94D0C1-3DC2-4E1A-967C-9D861E372EE9}.Debug|Any CPU.Deploy.0 = Debug|x86
		{EC94D0C1-3DC2-4E1A-967C-9D861E372EE9}.Debug|ARM.ActiveCfg = Debug|ARM
		{EC94D0C1-3DC2-4E1A-967C-9D861E372EE9}.Debug|ARM.Build.0 = Debug|ARM
		{EC94D0C1-3DC2-4E1A-967C-9D861E372EE9}.Debug|ARM.Deploy.0 = Debug|ARM
		{EC94D0C1-3DC2-4E1A-967C-9D861E372EE9}.Debug|iPhone.ActiveCfg = Debug|x86
		{EC94D0C1-3DC2-4E1A-967C-9D861E372EE9}.Debug|iPhone.Build.0 = Debug|x86
		{EC94D0C1-3DC2-4E1A-967C-9D861E372EE9}.Debug|iPhone.Deploy.0 = Debug|x86
		{EC94D0C1-3DC2-4E1A-967C-9D861E372EE9}.Debug|iPhoneSimulator.ActiveCfg = Debug|x86
		{EC94D0C1-3DC2-4E1A-967C-9D861E372EE9}.Debug|iPhoneSimulator.Build.0 = Debug|x86
		{EC94D0C1-3DC2-4E1A-967C-9D861E372EE9}.Debug|iPhoneSimulator.Deploy.0 = Debug|x86
		{EC94D0C1-3DC2-4E1A-967C-9D861E372EE9}.Debug|x64.ActiveCfg = Debug|x64
		{EC94D0C1-3DC2-4E1A-967C-9D861E372EE9}.Debug|x64.Build.0 = Debug|x64
		{EC94D0C1-3DC2-4E1A-967C-9D861E372EE9}.Debug|x64.Deploy.0 = Debug|x64
		{EC94D0C1-3DC2-4E1A-967C-9D861E372EE9}.Debug|x86.ActiveCfg = Debug|x86
		{EC94D0C1-3DC2-4E1A-967C-9D861E372EE9}.Debug|x86.Build.0 = Debug|x86
		{EC94D0C1-3DC2-4E1A-967C-9D861E372EE9}.Debug|x86.Deploy.0 = Debug|x86
		{EC94D0C1-3DC2-4E1A-967C-9D861E372EE9}.Release|Any CPU.ActiveCfg = Release|x86
		{EC94D0C1-3DC2-4E1A-967C-9D861E372EE9}.Release|Any CPU.Build.0 = Release|x86
		{EC94D0C1-3DC2-4E1A-967C-9D861E372EE9}.Release|Any CPU.Deploy.0 = Release|x86
		{EC94D0C1-3DC2-4E1A-967C-9D861E372EE9}.Release|ARM.ActiveCfg = Release|ARM
		{EC94D0C1-3DC2-4E1A-967C-9D861E372EE9}.Release|ARM.Build.0 = Release|ARM
		{EC94D0C1-3DC2-4E1A-967C-9D861E372EE9}.Release|ARM.Deploy.0 = Release|ARM
		{EC94D0C1-3DC2-4E1A-967C-9D861E372EE9}.Release|iPhone.ActiveCfg = Release|x86
		{EC94D0C1-3DC2-4E1A-967C-9D861E372EE9}.Release|iPhone.Build.0 = Release|x86
		{EC94D0C1-3DC2-4E1A-967C-9D861E372EE9}.Release|iPhone.Deploy.0 = Release|x86
		{EC94D0C1-3DC2-4E1A-967C-9D861E372EE9}.Release|iPhoneSimulator.ActiveCfg = Release|x86
		{EC94D0C1-3DC2-4E1A-967C-9D861E372EE9}.Release|iPhoneSimulator.Build.0 = Release|x86
		{EC94D0C1-3DC2-4E1A-967C-9D861E372EE9}.Release|iPhoneSimulator.Deploy.0 = Release|x86
		{EC94D0C1-3DC2-4E1A-967C-9D861E372EE9}.Release|x64.ActiveCfg = Release|x64
		{EC94D0C1-3DC2-4E1A-967C-9D861E372EE9}.Release|x64.Build.0 = Release|x64
		{EC94D0C1-3DC2-4E1A-967C-9D861E372EE9}.Release|x64.Deploy.0 = Release|x64
		{EC94D0C1-3DC2-4E1A-967C-9D861E372EE9}.Release|x86.ActiveCfg = Release|x86
		{EC94D0C1-3DC2-4E1A-967C-9D861E372EE9}.Release|x86.Build.0 = Release|x86
		{EC94D0C1-3DC2-4E1A-967C-9D861E372EE9}.Release|x86.Deploy.0 = Release|x86
		{B645402F-33FF-48D6-AC03-4A3D22BB64FD}.Ad-Hoc|Any CPU.ActiveCfg = Debug|Any CPU
		{B645402F-33FF-48D6-AC03-4A3D22BB64FD}.Ad-Hoc|Any CPU.Build.0 = Debug|Any CPU
		{B645402F-33FF-48D6-AC03-4A3D22BB64FD}.Ad-Hoc|Any CPU.Deploy.0 = Debug|Any CPU
		{B645402F-33FF-48D6-AC03-4A3D22BB64FD}.Ad-Hoc|ARM.ActiveCfg = Debug|Any CPU
		{B645402F-33FF-48D6-AC03-4A3D22BB64FD}.Ad-Hoc|ARM.Build.0 = Debug|Any CPU
		{B645402F-33FF-48D6-AC03-4A3D22BB64FD}.Ad-Hoc|ARM.Deploy.0 = Debug|Any CPU
		{B645402F-33FF-48D6-AC03-4A3D22BB64FD}.Ad-Hoc|iPhone.ActiveCfg = Debug|Any CPU
		{B645402F-33FF-48D6-AC03-4A3D22BB64FD}.Ad-Hoc|iPhone.Build.0 = Debug|Any CPU
		{B645402F-33FF-48D6-AC03-4A3D22BB64FD}.Ad-Hoc|iPhone.Deploy.0 = Debug|Any CPU
		{B645402F-33FF-48D6-AC03-4A3D22BB64FD}.Ad-Hoc|iPhoneSimulator.ActiveCfg = Debug|Any CPU
		{B645402F-33FF-48D6-AC03-4A3D22BB64FD}.Ad-Hoc|iPhoneSimulator.Build.0 = Debug|Any CPU
		{B645402F-33FF-48D6-AC03-4A3D22BB64FD}.Ad-Hoc|iPhoneSimulator.Deploy.0 = Debug|Any CPU
		{B645402F-33FF-48D6-AC03-4A3D22BB64FD}.Ad-Hoc|x64.ActiveCfg = Debug|Any CPU
		{B645402F-33FF-48D6-AC03-4A3D22BB64FD}.Ad-Hoc|x64.Build.0 = Debug|Any CPU
		{B645402F-33FF-48D6-AC03-4A3D22BB64FD}.Ad-Hoc|x64.Deploy.0 = Debug|Any CPU
		{B645402F-33FF-48D6-AC03-4A3D22BB64FD}.Ad-Hoc|x86.ActiveCfg = Debug|Any CPU
		{B645402F-33FF-48D6-AC03-4A3D22BB64FD}.Ad-Hoc|x86.Build.0 = Debug|Any CPU
		{B645402F-33FF-48D6-AC03-4A3D22BB64FD}.Ad-Hoc|x86.Deploy.0 = Debug|Any CPU
		{B645402F-33FF-48D6-AC03-4A3D22BB64FD}.AppStore|Any CPU.ActiveCfg = Debug|Any CPU
		{B645402F-33FF-48D6-AC03-4A3D22BB64FD}.AppStore|Any CPU.Build.0 = Debug|Any CPU
		{B645402F-33FF-48D6-AC03-4A3D22BB64FD}.AppStore|Any CPU.Deploy.0 = Debug|Any CPU
		{B645402F-33FF-48D6-AC03-4A3D22BB64FD}.AppStore|ARM.ActiveCfg = Debug|Any CPU
		{B645402F-33FF-48D6-AC03-4A3D22BB64FD}.AppStore|ARM.Build.0 = Debug|Any CPU
		{B645402F-33FF-48D6-AC03-4A3D22BB64FD}.AppStore|ARM.Deploy.0 = Debug|Any CPU
		{B645402F-33FF-48D6-AC03-4A3D22BB64FD}.AppStore|iPhone.ActiveCfg = Debug|Any CPU
		{B645402F-33FF-48D6-AC03-4A3D22BB64FD}.AppStore|iPhone.Build.0 = Debug|Any CPU
		{B645402F-33FF-48D6-AC03-4A3D22BB64FD}.AppStore|iPhone.Deploy.0 = Debug|Any CPU
		{B645402F-33FF-48D6-AC03-4A3D22BB64FD}.AppStore|iPhoneSimulator.ActiveCfg = Debug|Any CPU
		{B645402F-33FF-48D6-AC03-4A3D22BB64FD}.AppStore|iPhoneSimulator.Build.0 = Debug|Any CPU
		{B645402F-33FF-48D6-AC03-4A3D22BB64FD}.AppStore|iPhoneSimulator.Deploy.0 = Debug|Any CPU
		{B645402F-33FF-48D6-AC03-4A3D22BB64FD}.AppStore|x64.ActiveCfg = Debug|Any CPU
		{B645402F-33FF-48D6-AC03-4A3D22BB64FD}.AppStore|x64.Build.0 = Debug|Any CPU
		{B645402F-33FF-48D6-AC03-4A3D22BB64FD}.AppStore|x64.Deploy.0 = Debug|Any CPU
		{B645402F-33FF-48D6-AC03-4A3D22BB64FD}.AppStore|x86.ActiveCfg = Debug|Any CPU
		{B645402F-33FF-48D6-AC03-4A3D22BB64FD}.AppStore|x86.Build.0 = Debug|Any CPU
		{B645402F-33FF-48D6-AC03-4A3D22BB64FD}.AppStore|x86.Deploy.0 = Debug|Any CPU
		{B645402F-33FF-48D6-AC03-4A3D22BB64FD}.Debug|Any CPU.ActiveCfg = Debug|Any CPU
		{B645402F-33FF-48D6-AC03-4A3D22BB64FD}.Debug|Any CPU.Build.0 = Debug|Any CPU
		{B645402F-33FF-48D6-AC03-4A3D22BB64FD}.Debug|Any CPU.Deploy.0 = Debug|Any CPU
		{B645402F-33FF-48D6-AC03-4A3D22BB64FD}.Debug|ARM.ActiveCfg = Debug|Any CPU
		{B645402F-33FF-48D6-AC03-4A3D22BB64FD}.Debug|ARM.Build.0 = Debug|Any CPU
		{B645402F-33FF-48D6-AC03-4A3D22BB64FD}.Debug|ARM.Deploy.0 = Debug|Any CPU
		{B645402F-33FF-48D6-AC03-4A3D22BB64FD}.Debug|iPhone.ActiveCfg = Debug|Any CPU
		{B645402F-33FF-48D6-AC03-4A3D22BB64FD}.Debug|iPhone.Build.0 = Debug|Any CPU
		{B645402F-33FF-48D6-AC03-4A3D22BB64FD}.Debug|iPhone.Deploy.0 = Debug|Any CPU
		{B645402F-33FF-48D6-AC03-4A3D22BB64FD}.Debug|iPhoneSimulator.ActiveCfg = Debug|Any CPU
		{B645402F-33FF-48D6-AC03-4A3D22BB64FD}.Debug|iPhoneSimulator.Build.0 = Debug|Any CPU
		{B645402F-33FF-48D6-AC03-4A3D22BB64FD}.Debug|iPhoneSimulator.Deploy.0 = Debug|Any CPU
		{B645402F-33FF-48D6-AC03-4A3D22BB64FD}.Debug|x64.ActiveCfg = Debug|Any CPU
		{B645402F-33FF-48D6-AC03-4A3D22BB64FD}.Debug|x64.Build.0 = Debug|Any CPU
		{B645402F-33FF-48D6-AC03-4A3D22BB64FD}.Debug|x64.Deploy.0 = Debug|Any CPU
		{B645402F-33FF-48D6-AC03-4A3D22BB64FD}.Debug|x86.ActiveCfg = Debug|Any CPU
		{B645402F-33FF-48D6-AC03-4A3D22BB64FD}.Debug|x86.Build.0 = Debug|Any CPU
		{B645402F-33FF-48D6-AC03-4A3D22BB64FD}.Debug|x86.Deploy.0 = Debug|Any CPU
		{B645402F-33FF-48D6-AC03-4A3D22BB64FD}.Release|Any CPU.ActiveCfg = Release|Any CPU
		{B645402F-33FF-48D6-AC03-4A3D22BB64FD}.Release|Any CPU.Build.0 = Release|Any CPU
		{B645402F-33FF-48D6-AC03-4A3D22BB64FD}.Release|Any CPU.Deploy.0 = Release|Any CPU
		{B645402F-33FF-48D6-AC03-4A3D22BB64FD}.Release|ARM.ActiveCfg = Release|Any CPU
		{B645402F-33FF-48D6-AC03-4A3D22BB64FD}.Release|ARM.Build.0 = Release|Any CPU
		{B645402F-33FF-48D6-AC03-4A3D22BB64FD}.Release|ARM.Deploy.0 = Release|Any CPU
		{B645402F-33FF-48D6-AC03-4A3D22BB64FD}.Release|iPhone.ActiveCfg = Release|Any CPU
		{B645402F-33FF-48D6-AC03-4A3D22BB64FD}.Release|iPhone.Build.0 = Release|Any CPU
		{B645402F-33FF-48D6-AC03-4A3D22BB64FD}.Release|iPhone.Deploy.0 = Release|Any CPU
		{B645402F-33FF-48D6-AC03-4A3D22BB64FD}.Release|iPhoneSimulator.ActiveCfg = Release|Any CPU
		{B645402F-33FF-48D6-AC03-4A3D22BB64FD}.Release|iPhoneSimulator.Build.0 = Release|Any CPU
		{B645402F-33FF-48D6-AC03-4A3D22BB64FD}.Release|iPhoneSimulator.Deploy.0 = Release|Any CPU
		{B645402F-33FF-48D6-AC03-4A3D22BB64FD}.Release|x64.ActiveCfg = Release|Any CPU
		{B645402F-33FF-48D6-AC03-4A3D22BB64FD}.Release|x64.Build.0 = Release|Any CPU
		{B645402F-33FF-48D6-AC03-4A3D22BB64FD}.Release|x64.Deploy.0 = Release|Any CPU
		{B645402F-33FF-48D6-AC03-4A3D22BB64FD}.Release|x86.ActiveCfg = Release|Any CPU
		{B645402F-33FF-48D6-AC03-4A3D22BB64FD}.Release|x86.Build.0 = Release|Any CPU
		{B645402F-33FF-48D6-AC03-4A3D22BB64FD}.Release|x86.Deploy.0 = Release|Any CPU
	EndGlobalSection
	GlobalSection(SolutionProperties) = preSolution
		HideSolutionNode = FALSE
	EndGlobalSection
	GlobalSection(ExtensibilityGlobals) = postSolution
		SolutionGuid = {045380F1-69FA-4F83-A9AE-FC2641D882FF}
	EndGlobalSection
EndGlobal
